<?xml version="1.0" encoding="utf-8"?>
<Project ToolsVersion="4.0" xmlns="http://schemas.microsoft.com/developer/msbuild/2003">
  <ItemGroup>
    <Filter Include="Source Files">
      <UniqueIdentifier>{4FC737F1-C7A5-4376-A066-2A32D752A2FF}</UniqueIdentifier>
      <Extensions>cpp;c;cc;cxx;c++;cppm;ixx;def;odl;idl;hpj;bat;asm;asmx</Extensions>
    </Filter>
    <Filter Include="Header Files">
      <UniqueIdentifier>{93995380-89BD-4b04-88EB-625FBE52EBFB}</UniqueIdentifier>
      <Extensions>h;hh;hpp;hxx;h++;hm;inl;inc;ipp;xsd</Extensions>
    </Filter>
    <Filter Include="Resource Files">
      <UniqueIdentifier>{67DA6AB6-F800-4c08-8B7A-83BB121AAD01}</UniqueIdentifier>
      <Extensions>rc;ico;cur;bmp;dlg;rc2;rct;bin;rgs;gif;jpg;jpeg;jpe;resx;tiff;tif;png;wav;mfcribbon-ms</Extensions>
    </Filter>
    <Filter Include="Source Files\Parser">
      <UniqueIdentifier>{704cbf19-a4f2-4c93-96b1-4f3158dd9ea9}</UniqueIdentifier>
    </Filter>
    <Filter Include="Source Files\Types">
      <UniqueIdentifier>{a3489967-c97e-497c-b586-02472f0ce446}</UniqueIdentifier>
    </Filter>
    <Filter Include="Source Files\Errors">
      <UniqueIdentifier>{38b303dc-617c-4207-8619-f6a10caa603d}</UniqueIdentifier>
    </Filter>
  </ItemGroup>
  <ItemGroup>
    <ClInclude Include="framework.h">
      <Filter>Header Files</Filter>
    </ClInclude>
    <ClInclude Include="pch.h">
      <Filter>Header Files</Filter>
    </ClInclude>
    <ClInclude Include="type.h">
      <Filter>Source Files\Types</Filter>
    </ClInclude>
    <ClInclude Include="number.h">
      <Filter>Source Files\Types</Filter>
    </ClInclude>
    <ClInclude Include="object.h">
      <Filter>Source Files\Types</Filter>
    </ClInclude>
    <ClInclude Include="xcl_string.h">
      <Filter>Source Files\Types</Filter>
    </ClInclude>
    <ClInclude Include="boolean.h">
      <Filter>Source Files\Types</Filter>
    </ClInclude>
    <ClInclude Include="enumeration.h">
      <Filter>Source Files\Types</Filter>
    </ClInclude>
    <ClInclude Include="section.h">
      <Filter>Source Files\Types</Filter>
    </ClInclude>
    <ClInclude Include="exception.h">
      <Filter>Source Files\Errors</Filter>
    </ClInclude>
    <ClInclude Include="document.h">
      <Filter>Source Files</Filter>
    </ClInclude>
    <ClInclude Include="token.h">
      <Filter>Source Files\Parser</Filter>
    </ClInclude>
    <ClInclude Include="parser.h">
      <Filter>Source Files\Parser</Filter>
    </ClInclude>
    <ClInclude Include="list.h">
      <Filter>Source Files\Types</Filter>
    </ClInclude>
  </ItemGroup>
  <ItemGroup>
    <ClCompile Include="pch.cpp">
      <Filter>Source Files</Filter>
    </ClCompile>
    <ClCompile Include="type.cpp">
      <Filter>Source Files\Types</Filter>
    </ClCompile>
    <ClCompile Include="number.cpp">
      <Filter>Source Files\Types</Filter>
    </ClCompile>
    <ClCompile Include="object.cpp">
      <Filter>Source Files\Types</Filter>
    </ClCompile>
    <ClCompile Include="string.cpp">
      <Filter>Source Files\Types</Filter>
    </ClCompile>
    <ClCompile Include="boolean.cpp">
      <Filter>Source Files\Types</Filter>
    </ClCompile>
    <ClCompile Include="enumeration.cpp">
      <Filter>Source Files\Types</Filter>
    </ClCompile>
    <ClCompile Include="section.cpp">
      <Filter>Source Files\Types</Filter>
    </ClCompile>
    <ClCompile Include="exception.cpp">
      <Filter>Source Files\Errors</Filter>
    </ClCompile>
    <ClCompile Include="document.cpp">
      <Filter>Source Files</Filter>
    </ClCompile>
    <ClCompile Include="token.cpp">
      <Filter>Source Files\Parser</Filter>
    </ClCompile>
    <ClCompile Include="parser.cpp">
      <Filter>Source Files\Parser</Filter>
    </ClCompile>
    <ClCompile Include="list.cpp">
      <Filter>Source Files\Types</Filter>
    </ClCompile>
  </ItemGroup>
</Project>